
Microsoft Visual Studio Solution File, Format Version 12.00
# Visual Studio 2013
VisualStudioVersion = 12.0.31101.0
MinimumVisualStudioVersion = 10.0.40219.1
Project("{FAE04EC0-301F-11D3-BF4B-00C04F79EFBC}") = "Durability", "Durability\Durability.csproj", "{88633657-C9CC-43EF-A294-5D96238B2F16}"
EndProject
Project("{FAE04EC0-301F-11D3-BF4B-00C04F79EFBC}") = "Cooling", "Cooling\Cooling.csproj", "{DF83A668-7833-4EC0-A924-84A07317B4FD}"
EndProject
Global
	GlobalSection(SolutionConfigurationPlatforms) = preSolution
		Debug|Any CPU = Debug|Any CPU
		Release|Any CPU = Release|Any CPU
	EndGlobalSection
	GlobalSection(ProjectConfigurationPlatforms) = postSolution
		{88633657-C9CC-43EF-A294-5D96238B2F16}.Debug|Any CPU.ActiveCfg = Debug|Any CPU
		{88633657-C9CC-43EF-A294-5D96238B2F16}.Debug|Any CPU.Build.0 = Debug|Any CPU
		{88633657-C9CC-43EF-A294-5D96238B2F16}.Release|Any CPU.ActiveCfg = Release|Any CPU
		{88633657-C9CC-43EF-A294-5D96238B2F16}.Release|Any CPU.Build.0 = Release|Any CPU
		{DF83A668-7833-4EC0-A924-84A07317B4FD}.Debug|Any CPU.ActiveCfg = Debug|Any CPU
		{DF83A668-7833-4EC0-A924-84A07317B4FD}.Debug|Any CPU.Build.0 = Debug|Any CPU
		{DF83A668-7833-4EC0-A924-84A07317B4FD}.Release|Any CPU.ActiveCfg = Release|Any CPU
		{DF83A668-7833-4EC0-A924-84A07317B4FD}.Release|Any CPU.Build.0 = Release|Any CPU
	EndGlobalSection
	GlobalSection(SolutionProperties) = preSolution
		HideSolutionNode = FALSE
	EndGlobalSection
	GlobalSection(MonoDevelopProperties) = preSolution
		StartupItem = Durability\Durability.csproj
	EndGlobalSection
EndGlobal
